
Microsoft Visual Studio Solution File, Format Version 12.00
# Visual Studio Version 17
VisualStudioVersion = 17.13.35806.99 d17.13
MinimumVisualStudioVersion = 10.0.40219.1
Project("{FAE04EC0-301F-11D3-BF4B-00C04F79EFBC}") = "DungeonCrawler", "DungeonCrawler\DungeonCrawler.csproj", "{BF0114C7-86C7-4277-8167-F4DEDF9C7CA6}"
EndProject
Global
	GlobalSection(SolutionConfigurationPlatforms) = preSolution
		Debug|Any CPU = Debug|Any CPU
		Release|Any CPU = Release|Any CPU
	EndGlobalSection
	GlobalSection(ProjectConfigurationPlatforms) = postSolution
		{BF0114C7-86C7-4277-8167-F4DEDF9C7CA6}.Debug|Any CPU.ActiveCfg = Debug|Any CPU
		{BF0114C7-86C7-4277-8167-F4DEDF9C7CA6}.Debug|Any CPU.Build.0 = Debug|Any CPU
		{BF0114C7-86C7-4277-8167-F4DEDF9C7CA6}.Release|Any CPU.ActiveCfg = Release|Any CPU
		{BF0114C7-86C7-4277-8167-F4DEDF9C7CA6}.Release|Any CPU.Build.0 = Release|Any CPU
	EndGlobalSection
	GlobalSection(SolutionProperties) = preSolution
		HideSolutionNode = FALSE
	EndGlobalSection
	GlobalSection(ExtensibilityGlobals) = postSolution
		SolutionGuid = {2753C47B-188F-4DED-A83C-65B7BD138D36}
	EndGlobalSection
EndGlobal
